{
  "pins" : [
    {
      "identity" : "kingfisher",
      "kind" : "remoteSourceControl",
      "location" : "https://github.com/onevcat/Kingfisher.git",
      "state" : {
        "revision" : "af4be924ad984cf4d16f4ae4df424e79a443d435",
        "version" : "7.6.2"
      }
    },
    {
      "identity" : "richtext",
      "kind" : "remoteSourceControl",
      "location" : "https://github.com/NuPlay/RichText.git",
      "state" : {
        "revision" : "ff468d18b066ea5838a2d3f9cb572d55b8ebdb11",
        "version" : "2.3.0"
      }
    },
    {
      "identity" : "skeletonui",
      "kind" : "remoteSourceControl",
      "location" : "https://github.com/CSolanaM/SkeletonUI.git",
      "state" : {
        "revision" : "e3cf87cb96a10562bc660c9d48418a395d8385ed",
        "version" : "1.0.11"
      }
    },
    {
      "identity" : "swift-snapshot-testing",
      "kind" : "remoteSourceControl",
      "location" : "https://github.com/pointfreeco/swift-snapshot-testing",
      "state" : {
        "revision" : "dc46eeb3928a75390651fac6c1ef7f93ad59a73b",
        "version" : "1.11.1"
      }
    },
    {
      "identity" : "swiftsoup",
      "kind" : "remoteSourceControl",
      "location" : "https://github.com/scinfu/SwiftSoup.git",
      "state" : {
        "revision" : "8b6cf29eead8841a1fa7822481cb3af4ddaadba6",
        "version" : "2.6.1"
      }
    },
    {
      "identity" : "v2exapi",
      "kind" : "remoteSourceControl",
      "location" : "https://github.com/isaced/V2exAPI",
      "state" : {
        "revision" : "3eb17298b252f1492c3dbf52882550fd16d3d9b9",
        "version" : "1.1.0"
      }
    }
  ],
  "version" : 2
}
